FORGE
  remote: https://forgeapi.puppetlabs.com
  specs:
    Slashbunny-phpfpm (0.0.7)
    jfryman-nginx (0.2.1)
      puppetlabs-apt (>= 1.0.0)
      puppetlabs-concat (>= 1.1.0)
      puppetlabs-stdlib (>= 3.0.0)
    nanliu-staging (1.0.2)
    puppetlabs-apt (1.7.0)
      puppetlabs-stdlib (>= 2.2.1)
    puppetlabs-concat (1.1.2)
      puppetlabs-stdlib (< 5.0.0, >= 3.2.0)
    puppetlabs-mysql (3.1.0)
      nanliu-staging (~> 1.0)
      puppetlabs-stdlib (>= 3.2.0)
    puppetlabs-ntp (3.3.0)
      puppetlabs-stdlib (< 5.0.0, >= 3.2.0)

GIT
  remote: git://github.com/puppetlabs/puppetlabs-stdlib.git
  ref: master
  sha: 413dafbb524f65ab28366553814e1680aeaab930
  specs:
    puppetlabs-stdlib (4.5.0)

DEPENDENCIES
  Slashbunny-phpfpm (>= 0)
  jfryman-nginx (>= 0)
  puppetlabs-mysql (>= 0)
  puppetlabs-ntp (>= 0)
  puppetlabs-stdlib (>= 0)

